
Microsoft Visual Studio Solution File, Format Version 12.00
# Visual Studio Version 16
VisualStudioVersion = 16.0.30523.141
MinimumVisualStudioVersion = 10.0.40219.1
Project("{FAE04EC0-301F-11D3-BF4B-00C04F79EFBC}") = "Mikroszimulacio", "Mikroszimulacio\Mikroszimulacio.csproj", "{BE93F0BA-28A3-4382-B546-EA4E1963A9C6}"
EndProject
Global
	GlobalSection(SolutionConfigurationPlatforms) = preSolution
		Debug|Any CPU = Debug|Any CPU
		Release|Any CPU = Release|Any CPU
	EndGlobalSection
	GlobalSection(ProjectConfigurationPlatforms) = postSolution
		{BE93F0BA-28A3-4382-B546-EA4E1963A9C6}.Debug|Any CPU.ActiveCfg = Debug|Any CPU
		{BE93F0BA-28A3-4382-B546-EA4E1963A9C6}.Debug|Any CPU.Build.0 = Debug|Any CPU
		{BE93F0BA-28A3-4382-B546-EA4E1963A9C6}.Release|Any CPU.ActiveCfg = Release|Any CPU
		{BE93F0BA-28A3-4382-B546-EA4E1963A9C6}.Release|Any CPU.Build.0 = Release|Any CPU
	EndGlobalSection
	GlobalSection(SolutionProperties) = preSolution
		HideSolutionNode = FALSE
	EndGlobalSection
	GlobalSection(ExtensibilityGlobals) = postSolution
		SolutionGuid = {CB6D3EDC-519A-41C6-B9E4-69B8AB5E78C6}
	EndGlobalSection
EndGlobal
