
Microsoft Visual Studio Solution File, Format Version 12.00
# Visual Studio Version 16
VisualStudioVersion = 16.0.30523.141
MinimumVisualStudioVersion = 10.0.40219.1
Project("{FAE04EC0-301F-11D3-BF4B-00C04F79EFBC}") = "Websupport", "Websupport\Websupport.csproj", "{A0CEBA47-C5B1-4119-B497-06E460689514}"
EndProject
Global
	GlobalSection(SolutionConfigurationPlatforms) = preSolution
		Debug|Any CPU = Debug|Any CPU
		Release|Any CPU = Release|Any CPU
	EndGlobalSection
	GlobalSection(ProjectConfigurationPlatforms) = postSolution
		{A0CEBA47-C5B1-4119-B497-06E460689514}.Debug|Any CPU.ActiveCfg = Debug|Any CPU
		{A0CEBA47-C5B1-4119-B497-06E460689514}.Debug|Any CPU.Build.0 = Debug|Any CPU
		{A0CEBA47-C5B1-4119-B497-06E460689514}.Release|Any CPU.ActiveCfg = Release|Any CPU
		{A0CEBA47-C5B1-4119-B497-06E460689514}.Release|Any CPU.Build.0 = Release|Any CPU
	EndGlobalSection
	GlobalSection(SolutionProperties) = preSolution
		HideSolutionNode = FALSE
	EndGlobalSection
	GlobalSection(ExtensibilityGlobals) = postSolution
		SolutionGuid = {78C784D6-26B8-45D3-AA11-C57EC00E7841}
	EndGlobalSection
EndGlobal
